// !$*UTF8*$!
{
	archiveVersion = 1;
	classes = {
	};
	objectVersion = 55;
	objects = {

/* Begin PBXBuildFile section */
		CB02C40C2906329700F6F901 /* PasswordGeneratorViewController.swift in Sources */ = {isa = PBXBuildFile; fileRef = CB02C40B2906329700F6F901 /* PasswordGeneratorViewController.swift */; };
		CB609C3E28FB6E8F007A95E8 /* AppDelegate.swift in Sources */ = {isa = PBXBuildFile; fileRef = CB609C3D28FB6E8F007A95E8 /* AppDelegate.swift */; };
		CB609C4028FB6E8F007A95E8 /* SceneDelegate.swift in Sources */ = {isa = PBXBuildFile; fileRef = CB609C3F28FB6E8F007A95E8 /* SceneDelegate.swift */; };
		CB609C4528FB6E8F007A95E8 /* Main.storyboard in Resources */ = {isa = PBXBuildFile; fileRef = CB609C4328FB6E8F007A95E8 /* Main.storyboard */; };
		CB609C4828FB6E8F007A95E8 /* websiteManager.xcdatamodeld in Sources */ = {isa = PBXBuildFile; fileRef = CB609C4628FB6E8F007A95E8 /* websiteManager.xcdatamodeld */; };
		CB609C4A28FB6E91007A95E8 /* Assets.xcassets in Resources */ = {isa = PBXBuildFile; fileRef = CB609C4928FB6E91007A95E8 /* Assets.xcassets */; };
		CB609C4D28FB6E91007A95E8 /* LaunchScreen.storyboard in Resources */ = {isa = PBXBuildFile; fileRef = CB609C4B28FB6E91007A95E8 /* LaunchScreen.storyboard */; };
		CB609C5528FB6F9E007A95E8 /* HW04.pdf in Resources */ = {isa = PBXBuildFile; fileRef = CB609C5428FB6F9D007A95E8 /* HW04.pdf */; };
		CB674E6F2909D656009E47F4 /* homework4Mobile.zip in Resources */ = {isa = PBXBuildFile; fileRef = CB674E6E2909D656009E47F4 /* homework4Mobile.zip */; };
		CB78D233290491C50022230B /* AddNewWebsiteViewController.swift in Sources */ = {isa = PBXBuildFile; fileRef = CB78D232290491C50022230B /* AddNewWebsiteViewController.swift */; };
		CBB4396629063AFD0008E9BC /* SecureLoginViewController.swift in Sources */ = {isa = PBXBuildFile; fileRef = CBB4396529063AFD0008E9BC /* SecureLoginViewController.swift */; };
		CBB8ED43290265060020708D /* websiteInfoPageViewController.swift in Sources */ = {isa = PBXBuildFile; fileRef = CBB8ED42290265060020708D /* websiteInfoPageViewController.swift */; };
		CBBAA7AE2900ED2700E7DE05 /* WebsiteTableViewController.swift in Sources */ = {isa = PBXBuildFile; fileRef = CBBAA7AD2900ED2700E7DE05 /* WebsiteTableViewController.swift */; };
/* End PBXBuildFile section */

/* Begin PBXFileReference section */
		CB02C40A29062B4E00F6F901 /* MyPlayground.playground */ = {isa = PBXFileReference; lastKnownFileType = file.playground; path = MyPlayground.playground; sourceTree = "<group>"; xcLanguageSpecificationIdentifier = xcode.lang.swift; };
		CB02C40B2906329700F6F901 /* PasswordGeneratorViewController.swift */ = {isa = PBXFileReference; lastKnownFileType = sourcecode.swift; path = PasswordGeneratorViewController.swift; sourceTree = "<group>"; };
		CB609C3A28FB6E8F007A95E8 /* websiteManager.app */ = {isa = PBXFileReference; explicitFileType = wrapper.application; includeInIndex = 0; path = websiteManager.app; sourceTree = BUILT_PRODUCTS_DIR; };
		CB609C3D28FB6E8F007A95E8 /* AppDelegate.swift */ = {isa = PBXFileReference; lastKnownFileType = sourcecode.swift; path = AppDelegate.swift; sourceTree = "<group>"; };
		CB609C3F28FB6E8F007A95E8 /* SceneDelegate.swift */ = {isa = PBXFileReference; lastKnownFileType = sourcecode.swift; path = SceneDelegate.swift; sourceTree = "<group>"; };
		CB609C4428FB6E8F007A95E8 /* Base */ = {isa = PBXFileReference; lastKnownFileType = file.storyboard; name = Base; path = Base.lproj/Main.storyboard; sourceTree = "<group>"; };
		CB609C4728FB6E8F007A95E8 /* websiteManager.xcdatamodel */ = {isa = PBXFileReference; lastKnownFileType = wrapper.xcdatamodel; path = websiteManager.xcdatamodel; sourceTree = "<group>"; };
		CB609C4928FB6E91007A95E8 /* Assets.xcassets */ = {isa = PBXFileReference; lastKnownFileType = folder.assetcatalog; path = Assets.xcassets; sourceTree = "<group>"; };
		CB609C4C28FB6E91007A95E8 /* Base */ = {isa = PBXFileReference; lastKnownFileType = file.storyboard; name = Base; path = Base.lproj/LaunchScreen.storyboard; sourceTree = "<group>"; };
		CB609C4E28FB6E91007A95E8 /* Info.plist */ = {isa = PBXFileReference; lastKnownFileType = text.plist.xml; path = Info.plist; sourceTree = "<group>"; };
		CB609C5428FB6F9D007A95E8 /* HW04.pdf */ = {isa = PBXFileReference; lastKnownFileType = image.pdf; path = HW04.pdf; sourceTree = "<group>"; };
		CB674E6E2909D656009E47F4 /* homework4Mobile.zip */ = {isa = PBXFileReference; lastKnownFileType = archive.zip; path = homework4Mobile.zip; sourceTree = "<group>"; };
		CB78D232290491C50022230B /* AddNewWebsiteViewController.swift */ = {isa = PBXFileReference; lastKnownFileType = sourcecode.swift; path = AddNewWebsiteViewController.swift; sourceTree = "<group>"; };
		CBB4396529063AFD0008E9BC /* SecureLoginViewController.swift */ = {isa = PBXFileReference; lastKnownFileType = sourcecode.swift; path = SecureLoginViewController.swift; sourceTree = "<group>"; };
		CBB8ED42290265060020708D /* websiteInfoPageViewController.swift */ = {isa = PBXFileReference; lastKnownFileType = sourcecode.swift; path = websiteInfoPageViewController.swift; sourceTree = "<group>"; };
		CBBAA7AD2900ED2700E7DE05 /* WebsiteTableViewController.swift */ = {isa = PBXFileReference; lastKnownFileType = sourcecode.swift; path = WebsiteTableViewController.swift; sourceTree = "<group>"; };
/* End PBXFileReference section */

/* Begin PBXFrameworksBuildPhase section */
		CB609C3728FB6E8F007A95E8 /* Frameworks */ = {
			isa = PBXFrameworksBuildPhase;
			buildActionMask = 2147483647;
			files = (
			);
			runOnlyForDeploymentPostprocessing = 0;
		};
/* End PBXFrameworksBuildPhase section */

/* Begin PBXGroup section */
		CB609C3128FB6E8F007A95E8 = {
			isa = PBXGroup;
			children = (
				CB02C40A29062B4E00F6F901 /* MyPlayground.playground */,
				CB609C3C28FB6E8F007A95E8 /* websiteManager */,
				CB609C3B28FB6E8F007A95E8 /* Products */,
			);
			sourceTree = "<group>";
		};
		CB609C3B28FB6E8F007A95E8 /* Products */ = {
			isa = PBXGroup;
			children = (
				CB609C3A28FB6E8F007A95E8 /* websiteManager.app */,
			);
			name = Products;
			sourceTree = "<group>";
		};
		CB609C3C28FB6E8F007A95E8 /* websiteManager */ = {
			isa = PBXGroup;
			children = (
				CB609C5428FB6F9D007A95E8 /* HW04.pdf */,
				CB609C4E28FB6E91007A95E8 /* Info.plist */,
				CB609C3D28FB6E8F007A95E8 /* AppDelegate.swift */,
				CB609C3F28FB6E8F007A95E8 /* SceneDelegate.swift */,
				CBBAA7AD2900ED2700E7DE05 /* WebsiteTableViewController.swift */,
				CBB8ED42290265060020708D /* websiteInfoPageViewController.swift */,
				CB78D232290491C50022230B /* AddNewWebsiteViewController.swift */,
				CB02C40B2906329700F6F901 /* PasswordGeneratorViewController.swift */,
				CBB4396529063AFD0008E9BC /* SecureLoginViewController.swift */,
				CB609C4928FB6E91007A95E8 /* Assets.xcassets */,
				CB609C4B28FB6E91007A95E8 /* LaunchScreen.storyboard */,
				CB609C4328FB6E8F007A95E8 /* Main.storyboard */,
				CB609C4628FB6E8F007A95E8 /* websiteManager.xcdatamodeld */,
				CB674E6E2909D656009E47F4 /* homework4Mobile.zip */,
			);
			path = websiteManager;
			sourceTree = "<group>";
		};
/* End PBXGroup section */

/* Begin PBXNativeTarget section */
		CB609C3928FB6E8F007A95E8 /* websiteManager */ = {
			isa = PBXNativeTarget;
			buildConfigurationList = CB609C5128FB6E91007A95E8 /* Build configuration list for PBXNativeTarget "websiteManager" */;
			buildPhases = (
				CB609C3628FB6E8F007A95E8 /* Sources */,
				CB609C3728FB6E8F007A95E8 /* Frameworks */,
				CB609C3828FB6E8F007A95E8 /* Resources */,
			);
			buildRules = (
			);
			dependencies = (
			);
			name = websiteManager;
			productName = websiteManager;
			productReference = CB609C3A28FB6E8F007A95E8 /* websiteManager.app */;
			productType = "com.apple.product-type.application";
		};
/* End PBXNativeTarget section */

/* Begin PBXProject section */
		CB609C3228FB6E8F007A95E8 /* Project object */ = {
			isa = PBXProject;
			attributes = {
				BuildIndependentTargetsInParallel = 1;
				LastSwiftUpdateCheck = 1340;
				LastUpgradeCheck = 1340;
				TargetAttributes = {
					CB609C3928FB6E8F007A95E8 = {
						CreatedOnToolsVersion = 13.4.1;
					};
				};
			};
			buildConfigurationList = CB609C3528FB6E8F007A95E8 /* Build configuration list for PBXProject "websiteManager" */;
			compatibilityVersion = "Xcode 13.0";
			developmentRegion = en;
			hasScannedForEncodings = 0;
			knownRegions = (
				en,
				Base,
			);
			mainGroup = CB609C3128FB6E8F007A95E8;
			productRefGroup = CB609C3B28FB6E8F007A95E8 /* Products */;
			projectDirPath = "";
			projectRoot = "";
			targets = (
				CB609C3928FB6E8F007A95E8 /* websiteManager */,
			);
		};
/* End PBXProject section */

/* Begin PBXResourcesBuildPhase section */
		CB609C3828FB6E8F007A95E8 /* Resources */ = {
			isa = PBXResourcesBuildPhase;
			buildActionMask = 2147483647;
			files = (
				CB609C4D28FB6E91007A95E8 /* LaunchScreen.storyboard in Resources */,
				CB609C4A28FB6E91007A95E8 /* Assets.xcassets in Resources */,
				CB674E6F2909D656009E47F4 /* homework4Mobile.zip in Resources */,
				CB609C4528FB6E8F007A95E8 /* Main.storyboard in Resources */,
				CB609C5528FB6F9E007A95E8 /* HW04.pdf in Resources */,
			);
			runOnlyForDeploymentPostprocessing = 0;
		};
/* End PBXResourcesBuildPhase section */

/* Begin PBXSourcesBuildPhase section */
		CB609C3628FB6E8F007A95E8 /* Sources */ = {
			isa = PBXSourcesBuildPhase;
			buildActionMask = 2147483647;
			files = (
				CB609C4828FB6E8F007A95E8 /* websiteManager.xcdatamodeld in Sources */,
				CBB4396629063AFD0008E9BC /* SecureLoginViewController.swift in Sources */,
				CB609C3E28FB6E8F007A95E8 /* AppDelegate.swift in Sources */,
				CB02C40C2906329700F6F901 /* PasswordGeneratorViewController.swift in Sources */,
				CB609C4028FB6E8F007A95E8 /* SceneDelegate.swift in Sources */,
				CB78D233290491C50022230B /* AddNewWebsiteViewController.swift in Sources */,
				CBBAA7AE2900ED2700E7DE05 /* WebsiteTableViewController.swift in Sources */,
				CBB8ED43290265060020708D /* websiteInfoPageViewController.swift in Sources */,
			);
			runOnlyForDeploymentPostprocessing = 0;
		};
/* End PBXSourcesBuildPhase section */

/* Begin PBXVariantGroup section */
		CB609C4328FB6E8F007A95E8 /* Main.storyboard */ = {
			isa = PBXVariantGroup;
			children = (
				CB609C4428FB6E8F007A95E8 /* Base */,
			);
			name = Main.storyboard;
			sourceTree = "<group>";
		};
		CB609C4B28FB6E91007A95E8 /* LaunchScreen.storyboard */ = {
			isa = PBXVariantGroup;
			children = (
				CB609C4C28FB6E91007A95E8 /* Base */,
			);
			name = LaunchScreen.storyboard;
			sourceTree = "<group>";
		};
/* End PBXVariantGroup section */

/* Begin XCBuildConfiguration section */
		CB609C4F28FB6E91007A95E8 /* Debug */ = {
			isa = XCBuildConfiguration;
			buildSettings = {
				ALWAYS_SEARCH_USER_PATHS = NO;
				CLANG_ANALYZER_NONNULL = YES;
				CLANG_ANALYZER_NUMBER_OBJECT_CONVERSION = YES_AGGRESSIVE;
				CLANG_CXX_LANGUAGE_STANDARD = "gnu++17";
				CLANG_ENABLE_MODULES = YES;
				CLANG_ENABLE_OBJC_ARC = YES;
				CLANG_ENABLE_OBJC_WEAK = YES;
				CLANG_WARN_BLOCK_CAPTURE_AUTORELEASING = YES;
				CLANG_WARN_BOOL_CONVERSION = YES;
				CLANG_WARN_COMMA = YES;
				CLANG_WARN_CONSTANT_CONVERSION = YES;
				CLANG_WARN_DEPRECATED_OBJC_IMPLEMENTATIONS = YES;
				CLANG_WARN_DIRECT_OBJC_ISA_USAGE = YES_ERROR;
				CLANG_WARN_DOCUMENTATION_COMMENTS = YES;
				CLANG_WARN_EMPTY_BODY = YES;
				CLANG_WARN_ENUM_CONVERSION = YES;
				CLANG_WARN_INFINITE_RECURSION = YES;
				CLANG_WARN_INT_CONVERSION = YES;
				CLANG_WARN_NON_LITERAL_NULL_CONVERSION = YES;
				CLANG_WARN_OBJC_IMPLICIT_RETAIN_SELF = YES;
				CLANG_WARN_OBJC_LITERAL_CONVERSION = YES;
				CLANG_WARN_OBJC_ROOT_CLASS = YES_ERROR;
				CLANG_WARN_QUOTED_INCLUDE_IN_FRAMEWORK_HEADER = YES;
				CLANG_WARN_RANGE_LOOP_ANALYSIS = YES;
				CLANG_WARN_STRICT_PROTOTYPES = YES;
				CLANG_WARN_SUSPICIOUS_MOVE = YES;
				CLANG_WARN_UNGUARDED_AVAILABILITY = YES_AGGRESSIVE;
				CLANG_WARN_UNREACHABLE_CODE = YES;
				CLANG_WARN__DUPLICATE_METHOD_MATCH = YES;
				COPY_PHASE_STRIP = NO;
				DEBUG_INFORMATION_FORMAT = dwarf;
				ENABLE_STRICT_OBJC_MSGSEND = YES;
				ENABLE_TESTABILITY = YES;
				GCC_C_LANGUAGE_STANDARD = gnu11;
				GCC_DYNAMIC_NO_PIC = NO;
				GCC_NO_COMMON_BLOCKS = YES;
				GCC_OPTIMIZATION_LEVEL = 0;
				GCC_PREPROCESSOR_DEFINITIONS = (
					"DEBUG=1",
					"$(inherited)",
				);
				GCC_WARN_64_TO_32_BIT_CONVERSION = YES;
				GCC_WARN_ABOUT_RETURN_TYPE = YES_ERROR;
				GCC_WARN_UNDECLARED_SELECTOR = YES;
				GCC_WARN_UNINITIALIZED_AUTOS = YES_AGGRESSIVE;
				GCC_WARN_UNUSED_FUNCTION = YES;
				GCC_WARN_UNUSED_VARIABLE = YES;
				IPHONEOS_DEPLOYMENT_TARGET = 15.5;
				MTL_ENABLE_DEBUG_INFO = INCLUDE_SOURCE;
				MTL_FAST_MATH = YES;
				ONLY_ACTIVE_ARCH = YES;
				SDKROOT = iphoneos;
				SWIFT_ACTIVE_COMPILATION_CONDITIONS = DEBUG;
				SWIFT_OPTIMIZATION_LEVEL = "-Onone";
			};
			name = Debug;
		};
		CB609C5028FB6E91007A95E8 /* Release */ = {
			isa = XCBuildConfiguration;
			buildSettings = {
				ALWAYS_SEARCH_USER_PATHS = NO;
				CLANG_ANALYZER_NONNULL = YES;
				CLANG_ANALYZER_NUMBER_OBJECT_CONVERSION = YES_AGGRESSIVE;
				CLANG_CXX_LANGUAGE_STANDARD = "gnu++17";
				CLANG_ENABLE_MODULES = YES;
				CLANG_ENABLE_OBJC_ARC = YES;
				CLANG_ENABLE_OBJC_WEAK = YES;
				CLANG_WARN_BLOCK_CAPTURE_AUTORELEASING = YES;
				CLANG_WARN_BOOL_CONVERSION = YES;
				CLANG_WARN_COMMA = YES;
				CLANG_WARN_CONSTANT_CONVERSION = YES;
				CLANG_WARN_DEPRECATED_OBJC_IMPLEMENTATIONS = YES;
				CLANG_WARN_DIRECT_OBJC_ISA_USAGE = YES_ERROR;
				CLANG_WARN_DOCUMENTATION_COMMENTS = YES;
				CLANG_WARN_EMPTY_BODY = YES;
				CLANG_WARN_ENUM_CONVERSION = YES;
				CLANG_WARN_INFINITE_RECURSION = YES;
				CLANG_WARN_INT_CONVERSION = YES;
				CLANG_WARN_NON_LITERAL_NULL_CONVERSION = YES;
				CLANG_WARN_OBJC_IMPLICIT_RETAIN_SELF = YES;
				CLANG_WARN_OBJC_LITERAL_CONVERSION = YES;
				CLANG_WARN_OBJC_ROOT_CLASS = YES_ERROR;
				CLANG_WARN_QUOTED_INCLUDE_IN_FRAMEWORK_HEADER = YES;
				CLANG_WARN_RANGE_LOOP_ANALYSIS = YES;
				CLANG_WARN_STRICT_PROTOTYPES = YES;
				CLANG_WARN_SUSPICIOUS_MOVE = YES;
				CLANG_WARN_UNGUARDED_AVAILABILITY = YES_AGGRESSIVE;
				CLANG_WARN_UNREACHABLE_CODE = YES;
				CLANG_WARN__DUPLICATE_METHOD_MATCH = YES;
				COPY_PHASE_STRIP = NO;
				DEBUG_INFORMATION_FORMAT = "dwarf-with-dsym";
				ENABLE_NS_ASSERTIONS = NO;
				ENABLE_STRICT_OBJC_MSGSEND = YES;
				GCC_C_LANGUAGE_STANDARD = gnu11;
				GCC_NO_COMMON_BLOCKS = YES;
				GCC_WARN_64_TO_32_BIT_CONVERSION = YES;
				GCC_WARN_ABOUT_RETURN_TYPE = YES_ERROR;
				GCC_WARN_UNDECLARED_SELECTOR = YES;
				GCC_WARN_UNINITIALIZED_AUTOS = YES_AGGRESSIVE;
				GCC_WARN_UNUSED_FUNCTION = YES;
				GCC_WARN_UNUSED_VARIABLE = YES;
				IPHONEOS_DEPLOYMENT_TARGET = 15.5;
				MTL_ENABLE_DEBUG_INFO = NO;
				MTL_FAST_MATH = YES;
				SDKROOT = iphoneos;
				SWIFT_COMPILATION_MODE = wholemodule;
				SWIFT_OPTIMIZATION_LEVEL = "-O";
				VALIDATE_PRODUCT = YES;
			};
			name = Release;
		};
		CB609C5228FB6E91007A95E8 /* Debug */ = {
			isa = XCBuildConfiguration;
			buildSettings = {
				ASSETCATALOG_COMPILER_APPICON_NAME = AppIcon;
				ASSETCATALOG_COMPILER_GLOBAL_ACCENT_COLOR_NAME = AccentColor;
				CODE_SIGN_STYLE = Automatic;
				CURRENT_PROJECT_VERSION = 1;
				DEVELOPMENT_TEAM = PLV8WGVA3D;
				GENERATE_INFOPLIST_FILE = YES;
				INFOPLIST_FILE = websiteManager/Info.plist;
				INFOPLIST_KEY_UIApplicationSupportsIndirectInputEvents = YES;
				INFOPLIST_KEY_UILaunchStoryboardName = LaunchScreen;
				INFOPLIST_KEY_UIMainStoryboardFile = Main;
				INFOPLIST_KEY_UISupportedInterfaceOrientations_iPad = "UIInterfaceOrientationPortrait UIInterfaceOrientationPortraitUpsideDown UIInterfaceOrientationLandscapeLeft UIInterfaceOrientationLandscapeRight";
				INFOPLIST_KEY_UISupportedInterfaceOrientations_iPhone = "UIInterfaceOrientationPortrait UIInterfaceOrientationLandscapeLeft UIInterfaceOrientationLandscapeRight";
				LD_RUNPATH_SEARCH_PATHS = (
					"$(inherited)",
					"@executable_path/Frameworks",
				);
				MARKETING_VERSION = 1.0;
				PRODUCT_BUNDLE_IDENTIFIER = com.michael.www.websiteManager;
				PRODUCT_NAME = "$(TARGET_NAME)";
				SWIFT_EMIT_LOC_STRINGS = YES;
				SWIFT_VERSION = 5.0;
				TARGETED_DEVICE_FAMILY = "1,2";
			};
			name = Debug;
		};
		CB609C5328FB6E91007A95E8 /* Release */ = {
			isa = XCBuildConfiguration;
			buildSettings = {
				ASSETCATALOG_COMPILER_APPICON_NAME = AppIcon;
				ASSETCATALOG_COMPILER_GLOBAL_ACCENT_COLOR_NAME = AccentColor;
				CODE_SIGN_STYLE = Automatic;
				CURRENT_PROJECT_VERSION = 1;
				DEVELOPMENT_TEAM = PLV8WGVA3D;
				GENERATE_INFOPLIST_FILE = YES;
				INFOPLIST_FILE = websiteManager/Info.plist;
				INFOPLIST_KEY_UIApplicationSupportsIndirectInputEvents = YES;
				INFOPLIST_KEY_UILaunchStoryboardName = LaunchScreen;
				INFOPLIST_KEY_UIMainStoryboardFile = Main;
				INFOPLIST_KEY_UISupportedInterfaceOrientations_iPad = "UIInterfaceOrientationPortrait UIInterfaceOrientationPortraitUpsideDown UIInterfaceOrientationLandscapeLeft UIInterfaceOrientationLandscapeRight";
				INFOPLIST_KEY_UISupportedInterfaceOrientations_iPhone = "UIInterfaceOrientationPortrait UIInterfaceOrientationLandscapeLeft UIInterfaceOrientationLandscapeRight";
				LD_RUNPATH_SEARCH_PATHS = (
					"$(inherited)",
					"@executable_path/Frameworks",
				);
				MARKETING_VERSION = 1.0;
				PRODUCT_BUNDLE_IDENTIFIER = com.michael.www.websiteManager;
				PRODUCT_NAME = "$(TARGET_NAME)";
				SWIFT_EMIT_LOC_STRINGS = YES;
				SWIFT_VERSION = 5.0;
				TARGETED_DEVICE_FAMILY = "1,2";
			};
			name = Release;
		};
/* End XCBuildConfiguration section */

/* Begin XCConfigurationList section */
		CB609C3528FB6E8F007A95E8 /* Build configuration list for PBXProject "websiteManager" */ = {
			isa = XCConfigurationList;
			buildConfigurations = (
				CB609C4F28FB6E91007A95E8 /* Debug */,
				CB609C5028FB6E91007A95E8 /* Release */,
			);
			defaultConfigurationIsVisible = 0;
			defaultConfigurationName = Release;
		};
		CB609C5128FB6E91007A95E8 /* Build configuration list for PBXNativeTarget "websiteManager" */ = {
			isa = XCConfigurationList;
			buildConfigurations = (
				CB609C5228FB6E91007A95E8 /* Debug */,
				CB609C5328FB6E91007A95E8 /* Release */,
			);
			defaultConfigurationIsVisible = 0;
			defaultConfigurationName = Release;
		};
/* End XCConfigurationList section */

/* Begin XCVersionGroup section */
		CB609C4628FB6E8F007A95E8 /* websiteManager.xcdatamodeld */ = {
			isa = XCVersionGroup;
			children = (
				CB609C4728FB6E8F007A95E8 /* websiteManager.xcdatamodel */,
			);
			currentVersion = CB609C4728FB6E8F007A95E8 /* websiteManager.xcdatamodel */;
			path = websiteManager.xcdatamodeld;
			sourceTree = "<group>";
			versionGroupType = wrapper.xcdatamodel;
		};
/* End XCVersionGroup section */
	};
	rootObject = CB609C3228FB6E8F007A95E8 /* Project object */;
}
